
Microsoft Visual Studio Solution File, Format Version 11.00
# Visual Studio 2010
Project("{FAE04EC0-301F-11D3-BF4B-00C04F79EFBC}") = "Assembly-CSharp", "Assembly-CSharp.csproj", "{439ea5d7-bce2-69c4-2454-90f408295d60}"
EndProject
Project("{FAE04EC0-301F-11D3-BF4B-00C04F79EFBC}") = "Assembly-CSharp-Editor", "Assembly-CSharp-Editor.csproj", "{d40228b5-54be-d292-0133-853947e0f3a3}"
EndProject
Global
	GlobalSection(SolutionConfigurationPlatforms) = preSolution
		Debug|Any CPU = Debug|Any CPU
		Release|Any CPU = Release|Any CPU
	EndGlobalSection
	GlobalSection(ProjectConfigurationPlatforms) = postSolution
		{439ea5d7-bce2-69c4-2454-90f408295d60}.Debug|Any CPU.ActiveCfg = Debug|Any CPU
		{439ea5d7-bce2-69c4-2454-90f408295d60}.Debug|Any CPU.Build.0 = Debug|Any CPU
		{439ea5d7-bce2-69c4-2454-90f408295d60}.Release|Any CPU.ActiveCfg = Release|Any CPU
		{439ea5d7-bce2-69c4-2454-90f408295d60}.Release|Any CPU.Build.0 = Release|Any CPU
		{d40228b5-54be-d292-0133-853947e0f3a3}.Debug|Any CPU.ActiveCfg = Debug|Any CPU
		{d40228b5-54be-d292-0133-853947e0f3a3}.Debug|Any CPU.Build.0 = Debug|Any CPU
		{d40228b5-54be-d292-0133-853947e0f3a3}.Release|Any CPU.ActiveCfg = Release|Any CPU
		{d40228b5-54be-d292-0133-853947e0f3a3}.Release|Any CPU.Build.0 = Release|Any CPU
	EndGlobalSection
	GlobalSection(SolutionProperties) = preSolution
		HideSolutionNode = FALSE
	EndGlobalSection
EndGlobal
